
Microsoft Visual Studio Solution File, Format Version 12.00
# Visual Studio Version 17
VisualStudioVersion = 17.13.35828.75 d17.13
MinimumVisualStudioVersion = 10.0.40219.1
Project("{FAE04EC0-301F-11D3-BF4B-00C04F79EFBC}") = "WebAPI", "WebAPI\WebAPI.csproj", "{03F1DD1A-32FE-441C-B2C4-30DD4C622122}"
EndProject
Global
	GlobalSection(SolutionConfigurationPlatforms) = preSolution
		Debug|Any CPU = Debug|Any CPU
		Release|Any CPU = Release|Any CPU
	EndGlobalSection
	GlobalSection(ProjectConfigurationPlatforms) = postSolution
		{03F1DD1A-32FE-441C-B2C4-30DD4C622122}.Debug|Any CPU.ActiveCfg = Debug|Any CPU
		{03F1DD1A-32FE-441C-B2C4-30DD4C622122}.Debug|Any CPU.Build.0 = Debug|Any CPU
		{03F1DD1A-32FE-441C-B2C4-30DD4C622122}.Release|Any CPU.ActiveCfg = Release|Any CPU
		{03F1DD1A-32FE-441C-B2C4-30DD4C622122}.Release|Any CPU.Build.0 = Release|Any CPU
	EndGlobalSection
	GlobalSection(SolutionProperties) = preSolution
		HideSolutionNode = FALSE
	EndGlobalSection
	GlobalSection(ExtensibilityGlobals) = postSolution
		SolutionGuid = {6453A303-60A5-46B4-B759-A1C1B0971BD8}
	EndGlobalSection
EndGlobal
